
Microsoft Visual Studio Solution File, Format Version 12.00
# Visual Studio Version 17
VisualStudioVersion = 17.9.34607.119
MinimumVisualStudioVersion = 10.0.40219.1
Project("{FAE04EC0-301F-11D3-BF4B-00C04F79EFBC}") = "TestNetFxProject", "TestNetFxProject\TestNetFxProject.csproj", "{8A022215-B198-4A0D-B446-00B1A652B078}"
EndProject
Global
	GlobalSection(SolutionConfigurationPlatforms) = preSolution
		Debug|Any CPU = Debug|Any CPU
		Release|Any CPU = Release|Any CPU
	EndGlobalSection
	GlobalSection(ProjectConfigurationPlatforms) = postSolution
		{8A022215-B198-4A0D-B446-00B1A652B078}.Debug|Any CPU.ActiveCfg = Debug|Any CPU
		{8A022215-B198-4A0D-B446-00B1A652B078}.Debug|Any CPU.Build.0 = Debug|Any CPU
		{8A022215-B198-4A0D-B446-00B1A652B078}.Release|Any CPU.ActiveCfg = Release|Any CPU
		{8A022215-B198-4A0D-B446-00B1A652B078}.Release|Any CPU.Build.0 = Release|Any CPU
	EndGlobalSection
	GlobalSection(SolutionProperties) = preSolution
		HideSolutionNode = FALSE
	EndGlobalSection
	GlobalSection(ExtensibilityGlobals) = postSolution
		SolutionGuid = {C0FB9CA8-22EA-4026-B811-E0850E83F7C0}
	EndGlobalSection
EndGlobal
